
Microsoft Visual Studio Solution File, Format Version 12.00
# Visual Studio Version 17
VisualStudioVersion = 17.13.35913.81 d17.13
MinimumVisualStudioVersion = 10.0.40219.1
Project("{FAE04EC0-301F-11D3-BF4B-00C04F79EFBC}") = "TcpChatSingleThread", "TcpChatSingleThread\TcpChatSingleThread.csproj", "{CE0C4220-188F-420F-8925-D64D3F198E17}"
EndProject
Global
	GlobalSection(SolutionConfigurationPlatforms) = preSolution
		Debug|Any CPU = Debug|Any CPU
		Release|Any CPU = Release|Any CPU
	EndGlobalSection
	GlobalSection(ProjectConfigurationPlatforms) = postSolution
		{CE0C4220-188F-420F-8925-D64D3F198E17}.Debug|Any CPU.ActiveCfg = Debug|Any CPU
		{CE0C4220-188F-420F-8925-D64D3F198E17}.Debug|Any CPU.Build.0 = Debug|Any CPU
		{CE0C4220-188F-420F-8925-D64D3F198E17}.Release|Any CPU.ActiveCfg = Release|Any CPU
		{CE0C4220-188F-420F-8925-D64D3F198E17}.Release|Any CPU.Build.0 = Release|Any CPU
	EndGlobalSection
	GlobalSection(SolutionProperties) = preSolution
		HideSolutionNode = FALSE
	EndGlobalSection
	GlobalSection(ExtensibilityGlobals) = postSolution
		SolutionGuid = {BCE53848-4FED-4E07-9CD6-5D2963F0A30D}
	EndGlobalSection
EndGlobal
